<?xml version="1.0" encoding="utf-8"?>
<Project ToolsVersion="4.0" xmlns="http://schemas.microsoft.com/developer/msbuild/2003">
  <ItemGroup>
    <Filter Include="Source Files">
      <UniqueIdentifier>{4FC737F1-C7A5-4376-A066-2A32D752A2FF}</UniqueIdentifier>
      <Extensions>cpp;c;cc;cxx;c++;cppm;ixx;def;odl;idl;hpj;bat;asm;asmx</Extensions>
    </Filter>
    <Filter Include="Header Files">
      <UniqueIdentifier>{93995380-89BD-4b04-88EB-625FBE52EBFB}</UniqueIdentifier>
      <Extensions>h;hh;hpp;hxx;h++;hm;inl;inc;ipp;xsd</Extensions>
    </Filter>
    <Filter Include="Resource Files">
      <UniqueIdentifier>{67DA6AB6-F800-4c08-8B7A-83BB121AAD01}</UniqueIdentifier>
      <Extensions>rc;ico;cur;bmp;dlg;rc2;rct;bin;rgs;gif;jpg;jpeg;jpe;resx;tiff;tif;png;wav;mfcribbon-ms</Extensions>
    </Filter>
    <Filter Include="Source Files\ModifiableBoard">
      <UniqueIdentifier>{e8491b1a-a359-4c9d-8176-697b197369f1}</UniqueIdentifier>
    </Filter>
    <Filter Include="Source Files\WindowClass">
      <UniqueIdentifier>{a9370347-d974-4e18-bde4-50f0dcce49ba}</UniqueIdentifier>
    </Filter>
    <Filter Include="Source Files\WindowClassLogic">
      <UniqueIdentifier>{a23e05b9-cd8f-4e48-99f3-126e7145553d}</UniqueIdentifier>
    </Filter>
    <Filter Include="Source Files\ThreadFunction">
      <UniqueIdentifier>{fb020783-eee1-4ddc-b33d-fc1dfbf2f167}</UniqueIdentifier>
    </Filter>
    <Filter Include="Source Files\Mutexes">
      <UniqueIdentifier>{9060ed1a-f40c-4628-a5b0-e91a5bb050aa}</UniqueIdentifier>
    </Filter>
    <Filter Include="Source Files\Window">
      <UniqueIdentifier>{e4fee4bb-a6dd-4b55-93d7-36e16fc57361}</UniqueIdentifier>
    </Filter>
  </ItemGroup>
  <ItemGroup>
    <ClCompile Include="11th_12th_lab.cpp">
      <Filter>Source Files</Filter>
    </ClCompile>
    <ClCompile Include="FiguresPrintingWindowClass.cpp">
      <Filter>Source Files\WindowClass</Filter>
    </ClCompile>
    <ClCompile Include="FiguresPrintingLogic.cpp">
      <Filter>Source Files\WindowClassLogic</Filter>
    </ClCompile>
    <ClCompile Include="FiguresPrinterThreadFunction.cpp">
      <Filter>Source Files\ThreadFunction</Filter>
    </ClCompile>
    <ClCompile Include="FiguresPrinter.cpp">
      <Filter>Source Files\WindowClassLogic</Filter>
    </ClCompile>
    <ClCompile Include="WinCriticalSectionMutex.cpp">
      <Filter>Source Files\Mutexes</Filter>
    </ClCompile>
    <ClCompile Include="WinMutexMutex.cpp">
      <Filter>Source Files\Mutexes</Filter>
    </ClCompile>
    <ClCompile Include="WinSemaphoreMutex.cpp">
      <Filter>Source Files\Mutexes</Filter>
    </ClCompile>
    <ClCompile Include="FiguresPrintingWindow.cpp">
      <Filter>Source Files\Window</Filter>
    </ClCompile>
  </ItemGroup>
  <ItemGroup>
    <ClInclude Include="ModifiableBoard.h">
      <Filter>Source Files\ModifiableBoard</Filter>
    </ClInclude>
    <ClInclude Include="FiguresPrintingWindowClass.h">
      <Filter>Source Files\WindowClass</Filter>
    </ClInclude>
    <ClInclude Include="FiguresPrintingLogic.h">
      <Filter>Source Files\WindowClassLogic</Filter>
    </ClInclude>
    <ClInclude Include="FiguresPrinterThreadFunction.h">
      <Filter>Source Files\ThreadFunction</Filter>
    </ClInclude>
    <ClInclude Include="FiguresPrinter.h">
      <Filter>Source Files\WindowClassLogic</Filter>
    </ClInclude>
    <ClInclude Include="WinMutexMutex.h">
      <Filter>Source Files\Mutexes</Filter>
    </ClInclude>
    <ClInclude Include="WinSemaphoreMutex.h">
      <Filter>Source Files\Mutexes</Filter>
    </ClInclude>
    <ClInclude Include="WinCriticalSectionMutex.h">
      <Filter>Source Files\Mutexes</Filter>
    </ClInclude>
    <ClInclude Include="IModifiableBoard.h">
      <Filter>Source Files\ModifiableBoard</Filter>
    </ClInclude>
    <ClInclude Include="FiguresPrintingWindow.h">
      <Filter>Source Files\Window</Filter>
    </ClInclude>
    <ClInclude Include="resource.h">
      <Filter>Header Files</Filter>
    </ClInclude>
  </ItemGroup>
  <ItemGroup>
    <ResourceCompile Include="11th_12th_lab.rc">
      <Filter>Resource Files</Filter>
    </ResourceCompile>
  </ItemGroup>
  <ItemGroup>
    <Image Include="resources\demented_smile.ico">
      <Filter>Resource Files</Filter>
    </Image>
  </ItemGroup>
</Project>