<?xml version="1.0" encoding="utf-8"?>
<Project ToolsVersion="4.0" xmlns="http://schemas.microsoft.com/developer/msbuild/2003">
  <ItemGroup>
    <Filter Include="Source Files">
      <UniqueIdentifier>{4FC737F1-C7A5-4376-A066-2A32D752A2FF}</UniqueIdentifier>
      <Extensions>cpp;c;cc;cxx;c++;cppm;ixx;def;odl;idl;hpj;bat;asm;asmx</Extensions>
    </Filter>
    <Filter Include="Header Files">
      <UniqueIdentifier>{93995380-89BD-4b04-88EB-625FBE52EBFB}</UniqueIdentifier>
      <Extensions>h;hh;hpp;hxx;h++;hm;inl;inc;ipp;xsd</Extensions>
    </Filter>
    <Filter Include="Resource Files">
      <UniqueIdentifier>{67DA6AB6-F800-4c08-8B7A-83BB121AAD01}</UniqueIdentifier>
      <Extensions>rc;ico;cur;bmp;dlg;rc2;rct;bin;rgs;gif;jpg;jpeg;jpe;resx;tiff;tif;png;wav;mfcribbon-ms</Extensions>
    </Filter>
    <Filter Include="Source Files\Common">
      <UniqueIdentifier>{c8385a01-d611-40db-8380-329a02a7fc3d}</UniqueIdentifier>
    </Filter>
    <Filter Include="Source Files\FirstLab">
      <UniqueIdentifier>{5323ef23-e5ef-4589-b145-86e013db4a32}</UniqueIdentifier>
    </Filter>
  </ItemGroup>
  <ItemGroup>
    <ClCompile Include="6th_lab.cpp">
      <Filter>Source Files</Filter>
    </ClCompile>
    <ClCompile Include="MovingLineWindowClass.cpp">
      <Filter>Source Files\FirstLab</Filter>
    </ClCompile>
  </ItemGroup>
  <ItemGroup>
    <ClInclude Include="resource.h">
      <Filter>Header Files</Filter>
    </ClInclude>
    <ClInclude Include="MainWindow.h">
      <Filter>Source Files</Filter>
    </ClInclude>
    <ClInclude Include="IWindowClass.h">
      <Filter>Source Files\Common</Filter>
    </ClInclude>
    <ClInclude Include="IWindow.h">
      <Filter>Source Files\Common</Filter>
    </ClInclude>
    <ClInclude Include="MovingLineWindowClass.h">
      <Filter>Source Files\FirstLab</Filter>
    </ClInclude>
  </ItemGroup>
  <ItemGroup>
    <ResourceCompile Include="6th_lab.rc">
      <Filter>Resource Files</Filter>
    </ResourceCompile>
  </ItemGroup>
  <ItemGroup>
    <Image Include="..\..\..\Pictures\demented_smile.ico">
      <Filter>Resource Files</Filter>
    </Image>
    <Image Include="resources\demented_smile.ico">
      <Filter>Resource Files</Filter>
    </Image>
  </ItemGroup>
  <ItemGroup>
    <None Include="..\..\diamond_axe.cur">
      <Filter>Resource Files</Filter>
    </None>
    <None Include="resources\diamond_axe.cur">
      <Filter>Resource Files</Filter>
    </None>
  </ItemGroup>
</Project>